
Microsoft Visual Studio Solution File, Format Version 12.00
# Visual Studio Version 16
VisualStudioVersion = 16.0.34031.81
MinimumVisualStudioVersion = 10.0.40219.1
Project("{FAE04EC0-301F-11D3-BF4B-00C04F79EFBC}") = "Module16.Practice", "Module16.Practice\Module16.Practice.csproj", "{590ACBE8-F004-4775-B4C1-7F7261FC3BEA}"
EndProject
Global
	GlobalSection(SolutionConfigurationPlatforms) = preSolution
		Debug|Any CPU = Debug|Any CPU
		Release|Any CPU = Release|Any CPU
	EndGlobalSection
	GlobalSection(ProjectConfigurationPlatforms) = postSolution
		{590ACBE8-F004-4775-B4C1-7F7261FC3BEA}.Debug|Any CPU.ActiveCfg = Debug|Any CPU
		{590ACBE8-F004-4775-B4C1-7F7261FC3BEA}.Debug|Any CPU.Build.0 = Debug|Any CPU
		{590ACBE8-F004-4775-B4C1-7F7261FC3BEA}.Release|Any CPU.ActiveCfg = Release|Any CPU
		{590ACBE8-F004-4775-B4C1-7F7261FC3BEA}.Release|Any CPU.Build.0 = Release|Any CPU
	EndGlobalSection
	GlobalSection(SolutionProperties) = preSolution
		HideSolutionNode = FALSE
	EndGlobalSection
	GlobalSection(ExtensibilityGlobals) = postSolution
		SolutionGuid = {F0A3E5FD-E5D1-4AB6-B1AF-EEBC52132B66}
	EndGlobalSection
EndGlobal
